
Microsoft Visual Studio Solution File, Format Version 12.00
# Visual Studio Version 17
VisualStudioVersion = 17.0.31903.59
MinimumVisualStudioVersion = 10.0.40219.1
Project("{FAE04EC0-301F-11D3-BF4B-00C04F79EFBC}") = "kalam-blog", "kalam-blog\kalam-blog.csproj", "{CBF2C31F-B6D9-42E2-BC7C-5C016863892E}"
EndProject
Global
	GlobalSection(SolutionConfigurationPlatforms) = preSolution
		Debug|Any CPU = Debug|Any CPU
		Release|Any CPU = Release|Any CPU
	EndGlobalSection
	GlobalSection(SolutionProperties) = preSolution
		HideSolutionNode = FALSE
	EndGlobalSection
	GlobalSection(ProjectConfigurationPlatforms) = postSolution
		{CBF2C31F-B6D9-42E2-BC7C-5C016863892E}.Debug|Any CPU.ActiveCfg = Debug|Any CPU
		{CBF2C31F-B6D9-42E2-BC7C-5C016863892E}.Debug|Any CPU.Build.0 = Debug|Any CPU
		{CBF2C31F-B6D9-42E2-BC7C-5C016863892E}.Release|Any CPU.ActiveCfg = Release|Any CPU
		{CBF2C31F-B6D9-42E2-BC7C-5C016863892E}.Release|Any CPU.Build.0 = Release|Any CPU
	EndGlobalSection
EndGlobal
